
Microsoft Visual Studio Solution File, Format Version 12.00
# Visual Studio Version 17
VisualStudioVersion = 17.3.32825.248
MinimumVisualStudioVersion = 10.0.40219.1
Project("{FAE04EC0-301F-11D3-BF4B-00C04F79EFBC}") = "OverItProject.Android", "OverItProject.Android\OverItProject.Android.csproj", "{9478F3EB-2A72-44BB-9E67-B08232DC427F}"
EndProject
Project("{FAE04EC0-301F-11D3-BF4B-00C04F79EFBC}") = "OverItProject.iOS", "OverItProject.iOS\OverItProject.iOS.csproj", "{1242C238-ED48-4090-B22F-2322313962C2}"
EndProject
Project("{FAE04EC0-301F-11D3-BF4B-00C04F79EFBC}") = "OverItProject", "OverItProject\OverItProject.csproj", "{D77AE9A1-222A-4768-B657-A4617C739E5B}"
EndProject
Global
	GlobalSection(SolutionConfigurationPlatforms) = preSolution
		Debug|Any CPU = Debug|Any CPU
		Debug|iPhone = Debug|iPhone
		Debug|iPhoneSimulator = Debug|iPhoneSimulator
		Release|Any CPU = Release|Any CPU
		Release|iPhone = Release|iPhone
		Release|iPhoneSimulator = Release|iPhoneSimulator
	EndGlobalSection
	GlobalSection(ProjectConfigurationPlatforms) = postSolution
		{9478F3EB-2A72-44BB-9E67-B08232DC427F}.Debug|Any CPU.ActiveCfg = Debug|Any CPU
		{9478F3EB-2A72-44BB-9E67-B08232DC427F}.Debug|Any CPU.Build.0 = Debug|Any CPU
		{9478F3EB-2A72-44BB-9E67-B08232DC427F}.Debug|Any CPU.Deploy.0 = Debug|Any CPU
		{9478F3EB-2A72-44BB-9E67-B08232DC427F}.Debug|iPhone.ActiveCfg = Debug|Any CPU
		{9478F3EB-2A72-44BB-9E67-B08232DC427F}.Debug|iPhone.Build.0 = Debug|Any CPU
		{9478F3EB-2A72-44BB-9E67-B08232DC427F}.Debug|iPhone.Deploy.0 = Debug|Any CPU
		{9478F3EB-2A72-44BB-9E67-B08232DC427F}.Debug|iPhoneSimulator.ActiveCfg = Debug|Any CPU
		{9478F3EB-2A72-44BB-9E67-B08232DC427F}.Debug|iPhoneSimulator.Build.0 = Debug|Any CPU
		{9478F3EB-2A72-44BB-9E67-B08232DC427F}.Debug|iPhoneSimulator.Deploy.0 = Debug|Any CPU
		{9478F3EB-2A72-44BB-9E67-B08232DC427F}.Release|Any CPU.ActiveCfg = Release|Any CPU
		{9478F3EB-2A72-44BB-9E67-B08232DC427F}.Release|Any CPU.Build.0 = Release|Any CPU
		{9478F3EB-2A72-44BB-9E67-B08232DC427F}.Release|Any CPU.Deploy.0 = Release|Any CPU
		{9478F3EB-2A72-44BB-9E67-B08232DC427F}.Release|iPhone.ActiveCfg = Release|Any CPU
		{9478F3EB-2A72-44BB-9E67-B08232DC427F}.Release|iPhone.Build.0 = Release|Any CPU
		{9478F3EB-2A72-44BB-9E67-B08232DC427F}.Release|iPhone.Deploy.0 = Release|Any CPU
		{9478F3EB-2A72-44BB-9E67-B08232DC427F}.Release|iPhoneSimulator.ActiveCfg = Release|Any CPU
		{9478F3EB-2A72-44BB-9E67-B08232DC427F}.Release|iPhoneSimulator.Build.0 = Release|Any CPU
		{9478F3EB-2A72-44BB-9E67-B08232DC427F}.Release|iPhoneSimulator.Deploy.0 = Release|Any CPU
		{1242C238-ED48-4090-B22F-2322313962C2}.Debug|Any CPU.ActiveCfg = Debug|iPhone
		{1242C238-ED48-4090-B22F-2322313962C2}.Debug|Any CPU.Build.0 = Debug|iPhone
		{1242C238-ED48-4090-B22F-2322313962C2}.Debug|Any CPU.Deploy.0 = Debug|iPhone
		{1242C238-ED48-4090-B22F-2322313962C2}.Debug|iPhone.ActiveCfg = Debug|iPhone
		{1242C238-ED48-4090-B22F-2322313962C2}.Debug|iPhone.Build.0 = Debug|iPhone
		{1242C238-ED48-4090-B22F-2322313962C2}.Debug|iPhone.Deploy.0 = Debug|iPhone
		{1242C238-ED48-4090-B22F-2322313962C2}.Debug|iPhoneSimulator.ActiveCfg = Debug|iPhoneSimulator
		{1242C238-ED48-4090-B22F-2322313962C2}.Debug|iPhoneSimulator.Build.0 = Debug|iPhoneSimulator
		{1242C238-ED48-4090-B22F-2322313962C2}.Debug|iPhoneSimulator.Deploy.0 = Debug|iPhoneSimulator
		{1242C238-ED48-4090-B22F-2322313962C2}.Release|Any CPU.ActiveCfg = Release|iPhoneSimulator
		{1242C238-ED48-4090-B22F-2322313962C2}.Release|Any CPU.Build.0 = Release|iPhoneSimulator
		{1242C238-ED48-4090-B22F-2322313962C2}.Release|Any CPU.Deploy.0 = Release|iPhoneSimulator
		{1242C238-ED48-4090-B22F-2322313962C2}.Release|iPhone.ActiveCfg = Release|iPhone
		{1242C238-ED48-4090-B22F-2322313962C2}.Release|iPhone.Build.0 = Release|iPhone
		{1242C238-ED48-4090-B22F-2322313962C2}.Release|iPhone.Deploy.0 = Release|iPhone
		{1242C238-ED48-4090-B22F-2322313962C2}.Release|iPhoneSimulator.ActiveCfg = Release|iPhoneSimulator
		{1242C238-ED48-4090-B22F-2322313962C2}.Release|iPhoneSimulator.Build.0 = Release|iPhoneSimulator
		{1242C238-ED48-4090-B22F-2322313962C2}.Release|iPhoneSimulator.Deploy.0 = Release|iPhoneSimulator
		{D77AE9A1-222A-4768-B657-A4617C739E5B}.Debug|Any CPU.ActiveCfg = Debug|Any CPU
		{D77AE9A1-222A-4768-B657-A4617C739E5B}.Debug|Any CPU.Build.0 = Debug|Any CPU
		{D77AE9A1-222A-4768-B657-A4617C739E5B}.Debug|Any CPU.Deploy.0 = Debug|Any CPU
		{D77AE9A1-222A-4768-B657-A4617C739E5B}.Debug|iPhone.ActiveCfg = Debug|Any CPU
		{D77AE9A1-222A-4768-B657-A4617C739E5B}.Debug|iPhone.Build.0 = Debug|Any CPU
		{D77AE9A1-222A-4768-B657-A4617C739E5B}.Debug|iPhone.Deploy.0 = Debug|Any CPU
		{D77AE9A1-222A-4768-B657-A4617C739E5B}.Debug|iPhoneSimulator.ActiveCfg = Debug|Any CPU
		{D77AE9A1-222A-4768-B657-A4617C739E5B}.Debug|iPhoneSimulator.Build.0 = Debug|Any CPU
		{D77AE9A1-222A-4768-B657-A4617C739E5B}.Debug|iPhoneSimulator.Deploy.0 = Debug|Any CPU
		{D77AE9A1-222A-4768-B657-A4617C739E5B}.Release|Any CPU.ActiveCfg = Release|Any CPU
		{D77AE9A1-222A-4768-B657-A4617C739E5B}.Release|Any CPU.Build.0 = Release|Any CPU
		{D77AE9A1-222A-4768-B657-A4617C739E5B}.Release|Any CPU.Deploy.0 = Release|Any CPU
		{D77AE9A1-222A-4768-B657-A4617C739E5B}.Release|iPhone.ActiveCfg = Release|Any CPU
		{D77AE9A1-222A-4768-B657-A4617C739E5B}.Release|iPhone.Build.0 = Release|Any CPU
		{D77AE9A1-222A-4768-B657-A4617C739E5B}.Release|iPhone.Deploy.0 = Release|Any CPU
		{D77AE9A1-222A-4768-B657-A4617C739E5B}.Release|iPhoneSimulator.ActiveCfg = Release|Any CPU
		{D77AE9A1-222A-4768-B657-A4617C739E5B}.Release|iPhoneSimulator.Build.0 = Release|Any CPU
		{D77AE9A1-222A-4768-B657-A4617C739E5B}.Release|iPhoneSimulator.Deploy.0 = Release|Any CPU
	EndGlobalSection
	GlobalSection(SolutionProperties) = preSolution
		HideSolutionNode = FALSE
	EndGlobalSection
	GlobalSection(ExtensibilityGlobals) = postSolution
		SolutionGuid = {9DCAB954-77CE-4ABA-BDE4-28C543EFE4C6}
	EndGlobalSection
EndGlobal
